// !$*UTF8*$!
{
	archiveVersion = 1;
	classes = {
	};
	objectVersion = 55;
	objects = {

/* Begin PBXBuildFile section */
		167609F028751C1500C7C6A1 /* AppDelegate.swift in Sources */ = {isa = PBXBuildFile; fileRef = 167609EF28751C1500C7C6A1 /* AppDelegate.swift */; };
		167609F228751C1500C7C6A1 /* SceneDelegate.swift in Sources */ = {isa = PBXBuildFile; fileRef = 167609F128751C1500C7C6A1 /* SceneDelegate.swift */; };
		167609F428751C1500C7C6A1 /* ViewController.swift in Sources */ = {isa = PBXBuildFile; fileRef = 167609F328751C1500C7C6A1 /* ViewController.swift */; };
		167609F728751C1500C7C6A1 /* Main.storyboard in Resources */ = {isa = PBXBuildFile; fileRef = 167609F528751C1500C7C6A1 /* Main.storyboard */; };
		167609F928751C1700C7C6A1 /* Assets.xcassets in Resources */ = {isa = PBXBuildFile; fileRef = 167609F828751C1700C7C6A1 /* Assets.xcassets */; };
		167609FC28751C1700C7C6A1 /* LaunchScreen.storyboard in Resources */ = {isa = PBXBuildFile; fileRef = 167609FA28751C1700C7C6A1 /* LaunchScreen.storyboard */; };
		16760A0E28751DD700C7C6A1 /* NTViewController.swift in Sources */ = {isa = PBXBuildFile; fileRef = 16760A0D28751DD700C7C6A1 /* NTViewController.swift */; };
		16760A11287545A200C7C6A1 /* NTCollectionViewCell.swift in Sources */ = {isa = PBXBuildFile; fileRef = 16760A10287545A200C7C6A1 /* NTCollectionViewCell.swift */; };
		16760A142875536100C7C6A1 /* RKViewController.swift in Sources */ = {isa = PBXBuildFile; fileRef = 16760A132875536100C7C6A1 /* RKViewController.swift */; };
/* End PBXBuildFile section */

/* Begin PBXFileReference section */
		167609EC28751C1500C7C6A1 /* ReactorKitSample.app */ = {isa = PBXFileReference; explicitFileType = wrapper.application; includeInIndex = 0; path = ReactorKitSample.app; sourceTree = BUILT_PRODUCTS_DIR; };
		167609EF28751C1500C7C6A1 /* AppDelegate.swift */ = {isa = PBXFileReference; lastKnownFileType = sourcecode.swift; path = AppDelegate.swift; sourceTree = "<group>"; };
		167609F128751C1500C7C6A1 /* SceneDelegate.swift */ = {isa = PBXFileReference; lastKnownFileType = sourcecode.swift; path = SceneDelegate.swift; sourceTree = "<group>"; };
		167609F328751C1500C7C6A1 /* ViewController.swift */ = {isa = PBXFileReference; lastKnownFileType = sourcecode.swift; path = ViewController.swift; sourceTree = "<group>"; };
		167609F628751C1500C7C6A1 /* Base */ = {isa = PBXFileReference; lastKnownFileType = file.storyboard; name = Base; path = Base.lproj/Main.storyboard; sourceTree = "<group>"; };
		167609F828751C1700C7C6A1 /* Assets.xcassets */ = {isa = PBXFileReference; lastKnownFileType = folder.assetcatalog; path = Assets.xcassets; sourceTree = "<group>"; };
		167609FB28751C1700C7C6A1 /* Base */ = {isa = PBXFileReference; lastKnownFileType = file.storyboard; name = Base; path = Base.lproj/LaunchScreen.storyboard; sourceTree = "<group>"; };
		167609FD28751C1700C7C6A1 /* Info.plist */ = {isa = PBXFileReference; lastKnownFileType = text.plist.xml; path = Info.plist; sourceTree = "<group>"; };
		16760A0D28751DD700C7C6A1 /* NTViewController.swift */ = {isa = PBXFileReference; lastKnownFileType = sourcecode.swift; path = NTViewController.swift; sourceTree = "<group>"; };
		16760A10287545A200C7C6A1 /* NTCollectionViewCell.swift */ = {isa = PBXFileReference; lastKnownFileType = sourcecode.swift; path = NTCollectionViewCell.swift; sourceTree = "<group>"; };
		16760A132875536100C7C6A1 /* RKViewController.swift */ = {isa = PBXFileReference; lastKnownFileType = sourcecode.swift; path = RKViewController.swift; sourceTree = "<group>"; };
/* End PBXFileReference section */

/* Begin PBXFrameworksBuildPhase section */
		167609E928751C1500C7C6A1 /* Frameworks */ = {
			isa = PBXFrameworksBuildPhase;
			buildActionMask = 2147483647;
			files = (
			);
			runOnlyForDeploymentPostprocessing = 0;
		};
/* End PBXFrameworksBuildPhase section */

/* Begin PBXGroup section */
		167609E328751C1500C7C6A1 = {
			isa = PBXGroup;
			children = (
				167609EE28751C1500C7C6A1 /* ReactorKitSample */,
				167609ED28751C1500C7C6A1 /* Products */,
			);
			sourceTree = "<group>";
		};
		167609ED28751C1500C7C6A1 /* Products */ = {
			isa = PBXGroup;
			children = (
				167609EC28751C1500C7C6A1 /* ReactorKitSample.app */,
			);
			name = Products;
			sourceTree = "<group>";
		};
		167609EE28751C1500C7C6A1 /* ReactorKitSample */ = {
			isa = PBXGroup;
			children = (
				16760A122875528900C7C6A1 /* NativeView */,
				16760A0C28751DAD00C7C6A1 /* ReactorView */,
				167609EF28751C1500C7C6A1 /* AppDelegate.swift */,
				167609F128751C1500C7C6A1 /* SceneDelegate.swift */,
				167609F328751C1500C7C6A1 /* ViewController.swift */,
				167609F528751C1500C7C6A1 /* Main.storyboard */,
				167609F828751C1700C7C6A1 /* Assets.xcassets */,
				167609FA28751C1700C7C6A1 /* LaunchScreen.storyboard */,
				167609FD28751C1700C7C6A1 /* Info.plist */,
			);
			path = ReactorKitSample;
			sourceTree = "<group>";
		};
		16760A0C28751DAD00C7C6A1 /* ReactorView */ = {
			isa = PBXGroup;
			children = (
				16760A132875536100C7C6A1 /* RKViewController.swift */,
			);
			path = ReactorView;
			sourceTree = "<group>";
		};
		16760A0F2875458E00C7C6A1 /* CollectionView */ = {
			isa = PBXGroup;
			children = (
				16760A0D28751DD700C7C6A1 /* NTViewController.swift */,
				16760A10287545A200C7C6A1 /* NTCollectionViewCell.swift */,
			);
			path = CollectionView;
			sourceTree = "<group>";
		};
		16760A122875528900C7C6A1 /* NativeView */ = {
			isa = PBXGroup;
			children = (
				16760A0F2875458E00C7C6A1 /* CollectionView */,
			);
			path = NativeView;
			sourceTree = "<group>";
		};
/* End PBXGroup section */

/* Begin PBXNativeTarget section */
		167609EB28751C1500C7C6A1 /* ReactorKitSample */ = {
			isa = PBXNativeTarget;
			buildConfigurationList = 16760A0028751C1700C7C6A1 /* Build configuration list for PBXNativeTarget "ReactorKitSample" */;
			buildPhases = (
				167609E828751C1500C7C6A1 /* Sources */,
				167609E928751C1500C7C6A1 /* Frameworks */,
				167609EA28751C1500C7C6A1 /* Resources */,
			);
			buildRules = (
			);
			dependencies = (
			);
			name = ReactorKitSample;
			productName = ReactorKitSample;
			productReference = 167609EC28751C1500C7C6A1 /* ReactorKitSample.app */;
			productType = "com.apple.product-type.application";
		};
/* End PBXNativeTarget section */

/* Begin PBXProject section */
		167609E428751C1500C7C6A1 /* Project object */ = {
			isa = PBXProject;
			attributes = {
				BuildIndependentTargetsInParallel = 1;
				LastSwiftUpdateCheck = 1340;
				LastUpgradeCheck = 1340;
				TargetAttributes = {
					167609EB28751C1500C7C6A1 = {
						CreatedOnToolsVersion = 13.4.1;
					};
				};
			};
			buildConfigurationList = 167609E728751C1500C7C6A1 /* Build configuration list for PBXProject "ReactorKitSample" */;
			compatibilityVersion = "Xcode 13.0";
			developmentRegion = en;
			hasScannedForEncodings = 0;
			knownRegions = (
				en,
				Base,
			);
			mainGroup = 167609E328751C1500C7C6A1;
			productRefGroup = 167609ED28751C1500C7C6A1 /* Products */;
			projectDirPath = "";
			projectRoot = "";
			targets = (
				167609EB28751C1500C7C6A1 /* ReactorKitSample */,
			);
		};
/* End PBXProject section */

/* Begin PBXResourcesBuildPhase section */
		167609EA28751C1500C7C6A1 /* Resources */ = {
			isa = PBXResourcesBuildPhase;
			buildActionMask = 2147483647;
			files = (
				167609FC28751C1700C7C6A1 /* LaunchScreen.storyboard in Resources */,
				167609F928751C1700C7C6A1 /* Assets.xcassets in Resources */,
				167609F728751C1500C7C6A1 /* Main.storyboard in Resources */,
			);
			runOnlyForDeploymentPostprocessing = 0;
		};
/* End PBXResourcesBuildPhase section */

/* Begin PBXSourcesBuildPhase section */
		167609E828751C1500C7C6A1 /* Sources */ = {
			isa = PBXSourcesBuildPhase;
			buildActionMask = 2147483647;
			files = (
				16760A11287545A200C7C6A1 /* NTCollectionViewCell.swift in Sources */,
				16760A142875536100C7C6A1 /* RKViewController.swift in Sources */,
				167609F428751C1500C7C6A1 /* ViewController.swift in Sources */,
				167609F028751C1500C7C6A1 /* AppDelegate.swift in Sources */,
				16760A0E28751DD700C7C6A1 /* NTViewController.swift in Sources */,
				167609F228751C1500C7C6A1 /* SceneDelegate.swift in Sources */,
			);
			runOnlyForDeploymentPostprocessing = 0;
		};
/* End PBXSourcesBuildPhase section */

/* Begin PBXVariantGroup section */
		167609F528751C1500C7C6A1 /* Main.storyboard */ = {
			isa = PBXVariantGroup;
			children = (
				167609F628751C1500C7C6A1 /* Base */,
			);
			name = Main.storyboard;
			sourceTree = "<group>";
		};
		167609FA28751C1700C7C6A1 /* LaunchScreen.storyboard */ = {
			isa = PBXVariantGroup;
			children = (
				167609FB28751C1700C7C6A1 /* Base */,
			);
			name = LaunchScreen.storyboard;
			sourceTree = "<group>";
		};
/* End PBXVariantGroup section */

/* Begin XCBuildConfiguration section */
		167609FE28751C1700C7C6A1 /* Debug */ = {
			isa = XCBuildConfiguration;
			buildSettings = {
				ALWAYS_SEARCH_USER_PATHS = NO;
				CLANG_ANALYZER_NONNULL = YES;
				CLANG_ANALYZER_NUMBER_OBJECT_CONVERSION = YES_AGGRESSIVE;
				CLANG_CXX_LANGUAGE_STANDARD = "gnu++17";
				CLANG_ENABLE_MODULES = YES;
				CLANG_ENABLE_OBJC_ARC = YES;
				CLANG_ENABLE_OBJC_WEAK = YES;
				CLANG_WARN_BLOCK_CAPTURE_AUTORELEASING = YES;
				CLANG_WARN_BOOL_CONVERSION = YES;
				CLANG_WARN_COMMA = YES;
				CLANG_WARN_CONSTANT_CONVERSION = YES;
				CLANG_WARN_DEPRECATED_OBJC_IMPLEMENTATIONS = YES;
				CLANG_WARN_DIRECT_OBJC_ISA_USAGE = YES_ERROR;
				CLANG_WARN_DOCUMENTATION_COMMENTS = YES;
				CLANG_WARN_EMPTY_BODY = YES;
				CLANG_WARN_ENUM_CONVERSION = YES;
				CLANG_WARN_INFINITE_RECURSION = YES;
				CLANG_WARN_INT_CONVERSION = YES;
				CLANG_WARN_NON_LITERAL_NULL_CONVERSION = YES;
				CLANG_WARN_OBJC_IMPLICIT_RETAIN_SELF = YES;
				CLANG_WARN_OBJC_LITERAL_CONVERSION = YES;
				CLANG_WARN_OBJC_ROOT_CLASS = YES_ERROR;
				CLANG_WARN_QUOTED_INCLUDE_IN_FRAMEWORK_HEADER = YES;
				CLANG_WARN_RANGE_LOOP_ANALYSIS = YES;
				CLANG_WARN_STRICT_PROTOTYPES = YES;
				CLANG_WARN_SUSPICIOUS_MOVE = YES;
				CLANG_WARN_UNGUARDED_AVAILABILITY = YES_AGGRESSIVE;
				CLANG_WARN_UNREACHABLE_CODE = YES;
				CLANG_WARN__DUPLICATE_METHOD_MATCH = YES;
				COPY_PHASE_STRIP = NO;
				DEBUG_INFORMATION_FORMAT = dwarf;
				ENABLE_STRICT_OBJC_MSGSEND = YES;
				ENABLE_TESTABILITY = YES;
				GCC_C_LANGUAGE_STANDARD = gnu11;
				GCC_DYNAMIC_NO_PIC = NO;
				GCC_NO_COMMON_BLOCKS = YES;
				GCC_OPTIMIZATION_LEVEL = 0;
				GCC_PREPROCESSOR_DEFINITIONS = (
					"DEBUG=1",
					"$(inherited)",
				);
				GCC_WARN_64_TO_32_BIT_CONVERSION = YES;
				GCC_WARN_ABOUT_RETURN_TYPE = YES_ERROR;
				GCC_WARN_UNDECLARED_SELECTOR = YES;
				GCC_WARN_UNINITIALIZED_AUTOS = YES_AGGRESSIVE;
				GCC_WARN_UNUSED_FUNCTION = YES;
				GCC_WARN_UNUSED_VARIABLE = YES;
				IPHONEOS_DEPLOYMENT_TARGET = 15.5;
				MTL_ENABLE_DEBUG_INFO = INCLUDE_SOURCE;
				MTL_FAST_MATH = YES;
				ONLY_ACTIVE_ARCH = YES;
				SDKROOT = iphoneos;
				SWIFT_ACTIVE_COMPILATION_CONDITIONS = DEBUG;
				SWIFT_OPTIMIZATION_LEVEL = "-Onone";
			};
			name = Debug;
		};
		167609FF28751C1700C7C6A1 /* Release */ = {
			isa = XCBuildConfiguration;
			buildSettings = {
				ALWAYS_SEARCH_USER_PATHS = NO;
				CLANG_ANALYZER_NONNULL = YES;
				CLANG_ANALYZER_NUMBER_OBJECT_CONVERSION = YES_AGGRESSIVE;
				CLANG_CXX_LANGUAGE_STANDARD = "gnu++17";
				CLANG_ENABLE_MODULES = YES;
				CLANG_ENABLE_OBJC_ARC = YES;
				CLANG_ENABLE_OBJC_WEAK = YES;
				CLANG_WARN_BLOCK_CAPTURE_AUTORELEASING = YES;
				CLANG_WARN_BOOL_CONVERSION = YES;
				CLANG_WARN_COMMA = YES;
				CLANG_WARN_CONSTANT_CONVERSION = YES;
				CLANG_WARN_DEPRECATED_OBJC_IMPLEMENTATIONS = YES;
				CLANG_WARN_DIRECT_OBJC_ISA_USAGE = YES_ERROR;
				CLANG_WARN_DOCUMENTATION_COMMENTS = YES;
				CLANG_WARN_EMPTY_BODY = YES;
				CLANG_WARN_ENUM_CONVERSION = YES;
				CLANG_WARN_INFINITE_RECURSION = YES;
				CLANG_WARN_INT_CONVERSION = YES;
				CLANG_WARN_NON_LITERAL_NULL_CONVERSION = YES;
				CLANG_WARN_OBJC_IMPLICIT_RETAIN_SELF = YES;
				CLANG_WARN_OBJC_LITERAL_CONVERSION = YES;
				CLANG_WARN_OBJC_ROOT_CLASS = YES_ERROR;
				CLANG_WARN_QUOTED_INCLUDE_IN_FRAMEWORK_HEADER = YES;
				CLANG_WARN_RANGE_LOOP_ANALYSIS = YES;
				CLANG_WARN_STRICT_PROTOTYPES = YES;
				CLANG_WARN_SUSPICIOUS_MOVE = YES;
				CLANG_WARN_UNGUARDED_AVAILABILITY = YES_AGGRESSIVE;
				CLANG_WARN_UNREACHABLE_CODE = YES;
				CLANG_WARN__DUPLICATE_METHOD_MATCH = YES;
				COPY_PHASE_STRIP = NO;
				DEBUG_INFORMATION_FORMAT = "dwarf-with-dsym";
				ENABLE_NS_ASSERTIONS = NO;
				ENABLE_STRICT_OBJC_MSGSEND = YES;
				GCC_C_LANGUAGE_STANDARD = gnu11;
				GCC_NO_COMMON_BLOCKS = YES;
				GCC_WARN_64_TO_32_BIT_CONVERSION = YES;
				GCC_WARN_ABOUT_RETURN_TYPE = YES_ERROR;
				GCC_WARN_UNDECLARED_SELECTOR = YES;
				GCC_WARN_UNINITIALIZED_AUTOS = YES_AGGRESSIVE;
				GCC_WARN_UNUSED_FUNCTION = YES;
				GCC_WARN_UNUSED_VARIABLE = YES;
				IPHONEOS_DEPLOYMENT_TARGET = 15.5;
				MTL_ENABLE_DEBUG_INFO = NO;
				MTL_FAST_MATH = YES;
				SDKROOT = iphoneos;
				SWIFT_COMPILATION_MODE = wholemodule;
				SWIFT_OPTIMIZATION_LEVEL = "-O";
				VALIDATE_PRODUCT = YES;
			};
			name = Release;
		};
		16760A0128751C1700C7C6A1 /* Debug */ = {
			isa = XCBuildConfiguration;
			buildSettings = {
				ASSETCATALOG_COMPILER_APPICON_NAME = AppIcon;
				ASSETCATALOG_COMPILER_GLOBAL_ACCENT_COLOR_NAME = AccentColor;
				CODE_SIGN_STYLE = Automatic;
				CURRENT_PROJECT_VERSION = 1;
				DEVELOPMENT_TEAM = W9QDSWADV3;
				GENERATE_INFOPLIST_FILE = YES;
				INFOPLIST_FILE = ReactorKitSample/Info.plist;
				INFOPLIST_KEY_UIApplicationSupportsIndirectInputEvents = YES;
				INFOPLIST_KEY_UILaunchStoryboardName = LaunchScreen;
				INFOPLIST_KEY_UIMainStoryboardFile = Main;
				INFOPLIST_KEY_UISupportedInterfaceOrientations_iPad = "UIInterfaceOrientationPortrait UIInterfaceOrientationPortraitUpsideDown UIInterfaceOrientationLandscapeLeft UIInterfaceOrientationLandscapeRight";
				INFOPLIST_KEY_UISupportedInterfaceOrientations_iPhone = "UIInterfaceOrientationPortrait UIInterfaceOrientationLandscapeLeft UIInterfaceOrientationLandscapeRight";
				LD_RUNPATH_SEARCH_PATHS = (
					"$(inherited)",
					"@executable_path/Frameworks",
				);
				MARKETING_VERSION = 1.0;
				PRODUCT_BUNDLE_IDENTIFIER = com.kailo.ReactorKitSample;
				PRODUCT_NAME = "$(TARGET_NAME)";
				SWIFT_EMIT_LOC_STRINGS = YES;
				SWIFT_VERSION = 5.0;
				TARGETED_DEVICE_FAMILY = "1,2";
			};
			name = Debug;
		};
		16760A0228751C1700C7C6A1 /* Release */ = {
			isa = XCBuildConfiguration;
			buildSettings = {
				ASSETCATALOG_COMPILER_APPICON_NAME = AppIcon;
				ASSETCATALOG_COMPILER_GLOBAL_ACCENT_COLOR_NAME = AccentColor;
				CODE_SIGN_STYLE = Automatic;
				CURRENT_PROJECT_VERSION = 1;
				DEVELOPMENT_TEAM = W9QDSWADV3;
				GENERATE_INFOPLIST_FILE = YES;
				INFOPLIST_FILE = ReactorKitSample/Info.plist;
				INFOPLIST_KEY_UIApplicationSupportsIndirectInputEvents = YES;
				INFOPLIST_KEY_UILaunchStoryboardName = LaunchScreen;
				INFOPLIST_KEY_UIMainStoryboardFile = Main;
				INFOPLIST_KEY_UISupportedInterfaceOrientations_iPad = "UIInterfaceOrientationPortrait UIInterfaceOrientationPortraitUpsideDown UIInterfaceOrientationLandscapeLeft UIInterfaceOrientationLandscapeRight";
				INFOPLIST_KEY_UISupportedInterfaceOrientations_iPhone = "UIInterfaceOrientationPortrait UIInterfaceOrientationLandscapeLeft UIInterfaceOrientationLandscapeRight";
				LD_RUNPATH_SEARCH_PATHS = (
					"$(inherited)",
					"@executable_path/Frameworks",
				);
				MARKETING_VERSION = 1.0;
				PRODUCT_BUNDLE_IDENTIFIER = com.kailo.ReactorKitSample;
				PRODUCT_NAME = "$(TARGET_NAME)";
				SWIFT_EMIT_LOC_STRINGS = YES;
				SWIFT_VERSION = 5.0;
				TARGETED_DEVICE_FAMILY = "1,2";
			};
			name = Release;
		};
/* End XCBuildConfiguration section */

/* Begin XCConfigurationList section */
		167609E728751C1500C7C6A1 /* Build configuration list for PBXProject "ReactorKitSample" */ = {
			isa = XCConfigurationList;
			buildConfigurations = (
				167609FE28751C1700C7C6A1 /* Debug */,
				167609FF28751C1700C7C6A1 /* Release */,
			);
			defaultConfigurationIsVisible = 0;
			defaultConfigurationName = Release;
		};
		16760A0028751C1700C7C6A1 /* Build configuration list for PBXNativeTarget "ReactorKitSample" */ = {
			isa = XCConfigurationList;
			buildConfigurations = (
				16760A0128751C1700C7C6A1 /* Debug */,
				16760A0228751C1700C7C6A1 /* Release */,
			);
			defaultConfigurationIsVisible = 0;
			defaultConfigurationName = Release;
		};
/* End XCConfigurationList section */
	};
	rootObject = 167609E428751C1500C7C6A1 /* Project object */;
}
